
Microsoft Visual Studio Solution File, Format Version 12.00
# Visual Studio Version 16
VisualStudioVersion = 16.0.30406.217
MinimumVisualStudioVersion = 10.0.40219.1
Project("{9A19103F-16F7-4668-BE54-9A1E7A4F7556}") = "SeTuDetectorML.Model", "SeTuDetectorML.Model\SeTuDetectorML.Model.csproj", "{F6EF59D0-BED8-4797-9949-416F5F40C110}"
EndProject
Project("{FAE04EC0-301F-11D3-BF4B-00C04F79EFBC}") = "SeTuDetectorCore", "SeTuDetectorCore\SeTuDetectorCore.csproj", "{0FCEAA22-1D12-4775-B97C-F669A0DE5513}"
EndProject
Global
	GlobalSection(SolutionConfigurationPlatforms) = preSolution
		Debug|Any CPU = Debug|Any CPU
		Release|Any CPU = Release|Any CPU
	EndGlobalSection
	GlobalSection(ProjectConfigurationPlatforms) = postSolution
		{F6EF59D0-BED8-4797-9949-416F5F40C110}.Debug|Any CPU.ActiveCfg = Debug|Any CPU
		{F6EF59D0-BED8-4797-9949-416F5F40C110}.Debug|Any CPU.Build.0 = Debug|Any CPU
		{F6EF59D0-BED8-4797-9949-416F5F40C110}.Release|Any CPU.ActiveCfg = Release|Any CPU
		{F6EF59D0-BED8-4797-9949-416F5F40C110}.Release|Any CPU.Build.0 = Release|Any CPU
		{0FCEAA22-1D12-4775-B97C-F669A0DE5513}.Debug|Any CPU.ActiveCfg = Debug|Any CPU
		{0FCEAA22-1D12-4775-B97C-F669A0DE5513}.Debug|Any CPU.Build.0 = Debug|Any CPU
		{0FCEAA22-1D12-4775-B97C-F669A0DE5513}.Release|Any CPU.ActiveCfg = Release|Any CPU
		{0FCEAA22-1D12-4775-B97C-F669A0DE5513}.Release|Any CPU.Build.0 = Release|Any CPU
	EndGlobalSection
	GlobalSection(SolutionProperties) = preSolution
		HideSolutionNode = FALSE
	EndGlobalSection
	GlobalSection(ExtensibilityGlobals) = postSolution
		SolutionGuid = {19D65031-D417-4EFB-B724-D49CA449F2D4}
	EndGlobalSection
EndGlobal
